
Microsoft Visual Studio Solution File, Format Version 12.00
# Visual Studio Version 16
VisualStudioVersion = 16.0.32602.291
MinimumVisualStudioVersion = 10.0.40219.1
Project("{FAE04EC0-301F-11D3-BF4B-00C04F79EFBC}") = "ResultsTask3.1", "ResultsTask3.1.csproj", "{53DA6F34-96E9-42EF-9642-E24ABEF8422F}"
EndProject
Global
	GlobalSection(SolutionConfigurationPlatforms) = preSolution
		Debug|Any CPU = Debug|Any CPU
		Release|Any CPU = Release|Any CPU
	EndGlobalSection
	GlobalSection(ProjectConfigurationPlatforms) = postSolution
		{53DA6F34-96E9-42EF-9642-E24ABEF8422F}.Debug|Any CPU.ActiveCfg = Debug|Any CPU
		{53DA6F34-96E9-42EF-9642-E24ABEF8422F}.Debug|Any CPU.Build.0 = Debug|Any CPU
		{53DA6F34-96E9-42EF-9642-E24ABEF8422F}.Release|Any CPU.ActiveCfg = Release|Any CPU
		{53DA6F34-96E9-42EF-9642-E24ABEF8422F}.Release|Any CPU.Build.0 = Release|Any CPU
	EndGlobalSection
	GlobalSection(SolutionProperties) = preSolution
		HideSolutionNode = FALSE
	EndGlobalSection
	GlobalSection(ExtensibilityGlobals) = postSolution
		SolutionGuid = {91698BE6-A21D-4999-BF04-6A22822D87BB}
	EndGlobalSection
EndGlobal
